
Microsoft Visual Studio Solution File, Format Version 12.00
# Visual Studio 15
VisualStudioVersion = 15.0.27130.2010
MinimumVisualStudioVersion = 10.0.40219.1
Project("{FAE04EC0-301F-11D3-BF4B-00C04F79EFBC}") = "Worker", "Worker\Worker.csproj", "{E811F949-0495-4849-B55D-5C7DFCD9392F}"
EndProject
Project("{FAE04EC0-301F-11D3-BF4B-00C04F79EFBC}") = "Worker.Test", "Worker.Test\Worker.Test.csproj", "{CE88342D-E710-4CD3-B9AC-F1F0F9BF1F99}"
EndProject
Global
	GlobalSection(SolutionConfigurationPlatforms) = preSolution
		Debug|Any CPU = Debug|Any CPU
		Release|Any CPU = Release|Any CPU
	EndGlobalSection
	GlobalSection(ProjectConfigurationPlatforms) = postSolution
		{E811F949-0495-4849-B55D-5C7DFCD9392F}.Debug|Any CPU.ActiveCfg = Debug|Any CPU
		{E811F949-0495-4849-B55D-5C7DFCD9392F}.Debug|Any CPU.Build.0 = Debug|Any CPU
		{E811F949-0495-4849-B55D-5C7DFCD9392F}.Release|Any CPU.ActiveCfg = Release|Any CPU
		{E811F949-0495-4849-B55D-5C7DFCD9392F}.Release|Any CPU.Build.0 = Release|Any CPU
		{CE88342D-E710-4CD3-B9AC-F1F0F9BF1F99}.Debug|Any CPU.ActiveCfg = Debug|Any CPU
		{CE88342D-E710-4CD3-B9AC-F1F0F9BF1F99}.Debug|Any CPU.Build.0 = Debug|Any CPU
		{CE88342D-E710-4CD3-B9AC-F1F0F9BF1F99}.Release|Any CPU.ActiveCfg = Release|Any CPU
		{CE88342D-E710-4CD3-B9AC-F1F0F9BF1F99}.Release|Any CPU.Build.0 = Release|Any CPU
	EndGlobalSection
	GlobalSection(SolutionProperties) = preSolution
		HideSolutionNode = FALSE
	EndGlobalSection
	GlobalSection(ExtensibilityGlobals) = postSolution
		SolutionGuid = {2BBBF66B-9399-42BC-BE8E-76F3E5F828A4}
	EndGlobalSection
EndGlobal
